
Microsoft Visual Studio Solution File, Format Version 12.00
# Visual Studio Version 17
VisualStudioVersion = 17.11.35312.102
MinimumVisualStudioVersion = 10.0.40219.1
Project("{FAE04EC0-301F-11D3-BF4B-00C04F79EFBC}") = "2", "2\2.csproj", "{515785A7-7139-4224-95B3-205CB317AB5F}"
EndProject
Global
	GlobalSection(SolutionConfigurationPlatforms) = preSolution
		Debug|Any CPU = Debug|Any CPU
		Release|Any CPU = Release|Any CPU
	EndGlobalSection
	GlobalSection(ProjectConfigurationPlatforms) = postSolution
		{515785A7-7139-4224-95B3-205CB317AB5F}.Debug|Any CPU.ActiveCfg = Debug|Any CPU
		{515785A7-7139-4224-95B3-205CB317AB5F}.Debug|Any CPU.Build.0 = Debug|Any CPU
		{515785A7-7139-4224-95B3-205CB317AB5F}.Release|Any CPU.ActiveCfg = Release|Any CPU
		{515785A7-7139-4224-95B3-205CB317AB5F}.Release|Any CPU.Build.0 = Release|Any CPU
	EndGlobalSection
	GlobalSection(SolutionProperties) = preSolution
		HideSolutionNode = FALSE
	EndGlobalSection
	GlobalSection(ExtensibilityGlobals) = postSolution
		SolutionGuid = {31500B85-D942-4667-A84D-A3D5676D0D4C}
	EndGlobalSection
EndGlobal
