
Microsoft Visual Studio Solution File, Format Version 12.00
# Visual Studio Version 17
VisualStudioVersion = 17.11.35312.102
MinimumVisualStudioVersion = 10.0.40219.1
Project("{FAE04EC0-301F-11D3-BF4B-00C04F79EFBC}") = "Chatper14-Homework", "Chatper14-Homework\Chatper14-Homework.csproj", "{574F5725-D5BD-4655-85BD-B5988AA2F821}"
EndProject
Global
	GlobalSection(SolutionConfigurationPlatforms) = preSolution
		Debug|Any CPU = Debug|Any CPU
		Release|Any CPU = Release|Any CPU
	EndGlobalSection
	GlobalSection(ProjectConfigurationPlatforms) = postSolution
		{574F5725-D5BD-4655-85BD-B5988AA2F821}.Debug|Any CPU.ActiveCfg = Debug|Any CPU
		{574F5725-D5BD-4655-85BD-B5988AA2F821}.Debug|Any CPU.Build.0 = Debug|Any CPU
		{574F5725-D5BD-4655-85BD-B5988AA2F821}.Release|Any CPU.ActiveCfg = Release|Any CPU
		{574F5725-D5BD-4655-85BD-B5988AA2F821}.Release|Any CPU.Build.0 = Release|Any CPU
	EndGlobalSection
	GlobalSection(SolutionProperties) = preSolution
		HideSolutionNode = FALSE
	EndGlobalSection
	GlobalSection(ExtensibilityGlobals) = postSolution
		SolutionGuid = {39D95C06-A354-4719-A1FC-4695B76CA693}
	EndGlobalSection
EndGlobal
